// !$*UTF8*$!
{
	archiveVersion = 1;
	classes = {
	};
	objectVersion = 56;
	objects = {

/* Begin PBXBuildFile section */
		9E3FA9052BB7383100A3DAC3 /* SuperchargerView.swift in Sources */ = {isa = PBXBuildFile; fileRef = 9E3FA9042BB7383100A3DAC3 /* SuperchargerView.swift */; };
		9E3FA9072BB73EA100A3DAC3 /* SuperchargerEnvironments.swift in Sources */ = {isa = PBXBuildFile; fileRef = 9E3FA9062BB73EA100A3DAC3 /* SuperchargerEnvironments.swift */; };
		9E3FA9082BB74E2A00A3DAC3 /* Montserrat-Black.ttf in Resources */ = {isa = PBXBuildFile; fileRef = 9EE579462BB56F8E00779448 /* Montserrat-Black.ttf */; };
		9E3FA9092BB74E2E00A3DAC3 /* Montserrat-BlackItalic.ttf in Resources */ = {isa = PBXBuildFile; fileRef = 9EE579482BB56F8E00779448 /* Montserrat-BlackItalic.ttf */; };
		9E3FA90A2BB74E3000A3DAC3 /* Montserrat-Bold.ttf in Resources */ = {isa = PBXBuildFile; fileRef = 9EE5793B2BB56F8C00779448 /* Montserrat-Bold.ttf */; };
		9E3FA90B2BB74E3300A3DAC3 /* Montserrat-BoldItalic.ttf in Resources */ = {isa = PBXBuildFile; fileRef = 9EE5793E2BB56F8D00779448 /* Montserrat-BoldItalic.ttf */; };
		9E3FA90C2BB74E3700A3DAC3 /* Montserrat-ExtraBold.ttf in Resources */ = {isa = PBXBuildFile; fileRef = 9EE5793A2BB56F8C00779448 /* Montserrat-ExtraBold.ttf */; };
		9E3FA90D2BB74E3A00A3DAC3 /* Montserrat-ExtraBoldItalic.ttf in Resources */ = {isa = PBXBuildFile; fileRef = 9EE579382BB56F8C00779448 /* Montserrat-ExtraBoldItalic.ttf */; };
		9E3FA90E2BB74E3C00A3DAC3 /* Montserrat-ExtraLight.ttf in Resources */ = {isa = PBXBuildFile; fileRef = 9EE579442BB56F8E00779448 /* Montserrat-ExtraLight.ttf */; };
		9E3FA90F2BB74E3F00A3DAC3 /* Montserrat-ExtraLightItalic.ttf in Resources */ = {isa = PBXBuildFile; fileRef = 9EE579472BB56F8E00779448 /* Montserrat-ExtraLightItalic.ttf */; };
		9E3FA9102BB74E4300A3DAC3 /* Montserrat-Italic.ttf in Resources */ = {isa = PBXBuildFile; fileRef = 9EE579392BB56F8C00779448 /* Montserrat-Italic.ttf */; };
		9E3FA9112BB74E4600A3DAC3 /* Montserrat-Light.ttf in Resources */ = {isa = PBXBuildFile; fileRef = 9EE579432BB56F8D00779448 /* Montserrat-Light.ttf */; };
		9E3FA9122BB74E4900A3DAC3 /* Montserrat-LightItalic.ttf in Resources */ = {isa = PBXBuildFile; fileRef = 9EE5793D2BB56F8D00779448 /* Montserrat-LightItalic.ttf */; };
		9E3FA9132BB74E4C00A3DAC3 /* Montserrat-Medium.ttf in Resources */ = {isa = PBXBuildFile; fileRef = 9EE579422BB56F8D00779448 /* Montserrat-Medium.ttf */; };
		9E3FA9142BB74E4F00A3DAC3 /* Montserrat-MediumItalic.ttf in Resources */ = {isa = PBXBuildFile; fileRef = 9EE5793F2BB56F8D00779448 /* Montserrat-MediumItalic.ttf */; };
		9E3FA9152BB74E5200A3DAC3 /* Montserrat-Regular.ttf in Resources */ = {isa = PBXBuildFile; fileRef = 9EE579402BB56F8D00779448 /* Montserrat-Regular.ttf */; };
		9E3FA9162BB74E5700A3DAC3 /* Montserrat-SemiBold.ttf in Resources */ = {isa = PBXBuildFile; fileRef = 9EE579452BB56F8E00779448 /* Montserrat-SemiBold.ttf */; };
		9E3FA9172BB74E5A00A3DAC3 /* Montserrat-SemiBoldItalic.ttf in Resources */ = {isa = PBXBuildFile; fileRef = 9EE579412BB56F8D00779448 /* Montserrat-SemiBoldItalic.ttf */; };
		9E3FA9182BB74E5D00A3DAC3 /* Montserrat-Thin.ttf in Resources */ = {isa = PBXBuildFile; fileRef = 9EE579492BB56F8E00779448 /* Montserrat-Thin.ttf */; };
		9E3FA9192BB74E6000A3DAC3 /* Montserrat-ThinItalic.ttf in Resources */ = {isa = PBXBuildFile; fileRef = 9EE5793C2BB56F8D00779448 /* Montserrat-ThinItalic.ttf */; };
		9E3FA91D2BB82FFF00A3DAC3 /* StatisticItemView.swift in Sources */ = {isa = PBXBuildFile; fileRef = 9E3FA91C2BB82FFF00A3DAC3 /* StatisticItemView.swift */; };
		9E6240552BB9C4550030281D /* StatisticItemEnvironments.swift in Sources */ = {isa = PBXBuildFile; fileRef = 9E6240542BB9C4550030281D /* StatisticItemEnvironments.swift */; };
		9ED72D5A2BB4195800E00A8D /* MyCarApp.swift in Sources */ = {isa = PBXBuildFile; fileRef = 9ED72D592BB4195800E00A8D /* MyCarApp.swift */; };
		9ED72D5E2BB4195A00E00A8D /* Assets.xcassets in Resources */ = {isa = PBXBuildFile; fileRef = 9ED72D5D2BB4195A00E00A8D /* Assets.xcassets */; };
		9ED72D622BB4195A00E00A8D /* Preview Assets.xcassets in Resources */ = {isa = PBXBuildFile; fileRef = 9ED72D612BB4195A00E00A8D /* Preview Assets.xcassets */; };
		9EE579352BB56DD700779448 /* ThemeManager.swift in Sources */ = {isa = PBXBuildFile; fileRef = 9EE579342BB56DD700779448 /* ThemeManager.swift */; };
/* End PBXBuildFile section */

/* Begin PBXFileReference section */
		9E3FA9042BB7383100A3DAC3 /* SuperchargerView.swift */ = {isa = PBXFileReference; lastKnownFileType = sourcecode.swift; path = SuperchargerView.swift; sourceTree = "<group>"; };
		9E3FA9062BB73EA100A3DAC3 /* SuperchargerEnvironments.swift */ = {isa = PBXFileReference; lastKnownFileType = sourcecode.swift; path = SuperchargerEnvironments.swift; sourceTree = "<group>"; };
		9E3FA91A2BB8116800A3DAC3 /* Info.plist */ = {isa = PBXFileReference; lastKnownFileType = text.plist.xml; path = Info.plist; sourceTree = "<group>"; };
		9E3FA91C2BB82FFF00A3DAC3 /* StatisticItemView.swift */ = {isa = PBXFileReference; lastKnownFileType = sourcecode.swift; path = StatisticItemView.swift; sourceTree = "<group>"; };
		9E6240542BB9C4550030281D /* StatisticItemEnvironments.swift */ = {isa = PBXFileReference; lastKnownFileType = sourcecode.swift; path = StatisticItemEnvironments.swift; sourceTree = "<group>"; };
		9ED72D562BB4195800E00A8D /* myCar.app */ = {isa = PBXFileReference; explicitFileType = wrapper.application; includeInIndex = 0; path = myCar.app; sourceTree = BUILT_PRODUCTS_DIR; };
		9ED72D592BB4195800E00A8D /* MyCarApp.swift */ = {isa = PBXFileReference; lastKnownFileType = sourcecode.swift; path = MyCarApp.swift; sourceTree = "<group>"; };
		9ED72D5D2BB4195A00E00A8D /* Assets.xcassets */ = {isa = PBXFileReference; lastKnownFileType = folder.assetcatalog; path = Assets.xcassets; sourceTree = "<group>"; };
		9ED72D5F2BB4195A00E00A8D /* myCar.entitlements */ = {isa = PBXFileReference; lastKnownFileType = text.plist.entitlements; path = myCar.entitlements; sourceTree = "<group>"; };
		9ED72D612BB4195A00E00A8D /* Preview Assets.xcassets */ = {isa = PBXFileReference; lastKnownFileType = folder.assetcatalog; path = "Preview Assets.xcassets"; sourceTree = "<group>"; };
		9EE579342BB56DD700779448 /* ThemeManager.swift */ = {isa = PBXFileReference; lastKnownFileType = sourcecode.swift; path = ThemeManager.swift; sourceTree = "<group>"; };
		9EE579382BB56F8C00779448 /* Montserrat-ExtraBoldItalic.ttf */ = {isa = PBXFileReference; lastKnownFileType = file; path = "Montserrat-ExtraBoldItalic.ttf"; sourceTree = "<group>"; };
		9EE579392BB56F8C00779448 /* Montserrat-Italic.ttf */ = {isa = PBXFileReference; lastKnownFileType = file; path = "Montserrat-Italic.ttf"; sourceTree = "<group>"; };
		9EE5793A2BB56F8C00779448 /* Montserrat-ExtraBold.ttf */ = {isa = PBXFileReference; lastKnownFileType = file; path = "Montserrat-ExtraBold.ttf"; sourceTree = "<group>"; };
		9EE5793B2BB56F8C00779448 /* Montserrat-Bold.ttf */ = {isa = PBXFileReference; lastKnownFileType = file; path = "Montserrat-Bold.ttf"; sourceTree = "<group>"; };
		9EE5793C2BB56F8D00779448 /* Montserrat-ThinItalic.ttf */ = {isa = PBXFileReference; lastKnownFileType = file; path = "Montserrat-ThinItalic.ttf"; sourceTree = "<group>"; };
		9EE5793D2BB56F8D00779448 /* Montserrat-LightItalic.ttf */ = {isa = PBXFileReference; lastKnownFileType = file; path = "Montserrat-LightItalic.ttf"; sourceTree = "<group>"; };
		9EE5793E2BB56F8D00779448 /* Montserrat-BoldItalic.ttf */ = {isa = PBXFileReference; lastKnownFileType = file; path = "Montserrat-BoldItalic.ttf"; sourceTree = "<group>"; };
		9EE5793F2BB56F8D00779448 /* Montserrat-MediumItalic.ttf */ = {isa = PBXFileReference; lastKnownFileType = file; path = "Montserrat-MediumItalic.ttf"; sourceTree = "<group>"; };
		9EE579402BB56F8D00779448 /* Montserrat-Regular.ttf */ = {isa = PBXFileReference; lastKnownFileType = file; path = "Montserrat-Regular.ttf"; sourceTree = "<group>"; };
		9EE579412BB56F8D00779448 /* Montserrat-SemiBoldItalic.ttf */ = {isa = PBXFileReference; lastKnownFileType = file; path = "Montserrat-SemiBoldItalic.ttf"; sourceTree = "<group>"; };
		9EE579422BB56F8D00779448 /* Montserrat-Medium.ttf */ = {isa = PBXFileReference; lastKnownFileType = file; path = "Montserrat-Medium.ttf"; sourceTree = "<group>"; };
		9EE579432BB56F8D00779448 /* Montserrat-Light.ttf */ = {isa = PBXFileReference; lastKnownFileType = file; path = "Montserrat-Light.ttf"; sourceTree = "<group>"; };
		9EE579442BB56F8E00779448 /* Montserrat-ExtraLight.ttf */ = {isa = PBXFileReference; lastKnownFileType = file; path = "Montserrat-ExtraLight.ttf"; sourceTree = "<group>"; };
		9EE579452BB56F8E00779448 /* Montserrat-SemiBold.ttf */ = {isa = PBXFileReference; lastKnownFileType = file; path = "Montserrat-SemiBold.ttf"; sourceTree = "<group>"; };
		9EE579462BB56F8E00779448 /* Montserrat-Black.ttf */ = {isa = PBXFileReference; lastKnownFileType = file; path = "Montserrat-Black.ttf"; sourceTree = "<group>"; };
		9EE579472BB56F8E00779448 /* Montserrat-ExtraLightItalic.ttf */ = {isa = PBXFileReference; lastKnownFileType = file; path = "Montserrat-ExtraLightItalic.ttf"; sourceTree = "<group>"; };
		9EE579482BB56F8E00779448 /* Montserrat-BlackItalic.ttf */ = {isa = PBXFileReference; lastKnownFileType = file; path = "Montserrat-BlackItalic.ttf"; sourceTree = "<group>"; };
		9EE579492BB56F8E00779448 /* Montserrat-Thin.ttf */ = {isa = PBXFileReference; lastKnownFileType = file; path = "Montserrat-Thin.ttf"; sourceTree = "<group>"; };
/* End PBXFileReference section */

/* Begin PBXFrameworksBuildPhase section */
		9ED72D532BB4195800E00A8D /* Frameworks */ = {
			isa = PBXFrameworksBuildPhase;
			buildActionMask = 2147483647;
			files = (
			);
			runOnlyForDeploymentPostprocessing = 0;
		};
/* End PBXFrameworksBuildPhase section */

/* Begin PBXGroup section */
		9E3FA9012BB7378100A3DAC3 /* Views */ = {
			isa = PBXGroup;
			children = (
				9E3FA9022BB737A500A3DAC3 /* Global Views */,
			);
			path = Views;
			sourceTree = "<group>";
		};
		9E3FA9022BB737A500A3DAC3 /* Global Views */ = {
			isa = PBXGroup;
			children = (
				9E3FA9062BB73EA100A3DAC3 /* SuperchargerEnvironments.swift */,
				9E6240542BB9C4550030281D /* StatisticItemEnvironments.swift */,
				9E3FA9032BB737F800A3DAC3 /* Basic Views */,
			);
			path = "Global Views";
			sourceTree = "<group>";
		};
		9E3FA9032BB737F800A3DAC3 /* Basic Views */ = {
			isa = PBXGroup;
			children = (
				9E3FA9042BB7383100A3DAC3 /* SuperchargerView.swift */,
				9E3FA91C2BB82FFF00A3DAC3 /* StatisticItemView.swift */,
			);
			path = "Basic Views";
			sourceTree = "<group>";
		};
		9E3FA91B2BB8150500A3DAC3 /* Supporting Files */ = {
			isa = PBXGroup;
			children = (
				9ED72D5F2BB4195A00E00A8D /* myCar.entitlements */,
				9E3FA91A2BB8116800A3DAC3 /* Info.plist */,
			);
			path = "Supporting Files";
			sourceTree = "<group>";
		};
		9ED72D4D2BB4195800E00A8D = {
			isa = PBXGroup;
			children = (
				9ED72D582BB4195800E00A8D /* myCar */,
				9ED72D572BB4195800E00A8D /* Products */,
			);
			sourceTree = "<group>";
		};
		9ED72D572BB4195800E00A8D /* Products */ = {
			isa = PBXGroup;
			children = (
				9ED72D562BB4195800E00A8D /* myCar.app */,
			);
			name = Products;
			sourceTree = "<group>";
		};
		9ED72D582BB4195800E00A8D /* myCar */ = {
			isa = PBXGroup;
			children = (
				9EE579362BB56F4B00779448 /* Fonts */,
				9ED72D592BB4195800E00A8D /* MyCarApp.swift */,
				9EE579342BB56DD700779448 /* ThemeManager.swift */,
				9E3FA9012BB7378100A3DAC3 /* Views */,
				9EE5794A2BB5702000779448 /* Resources */,
				9E3FA91B2BB8150500A3DAC3 /* Supporting Files */,
				9ED72D602BB4195A00E00A8D /* Preview Content */,
			);
			path = myCar;
			sourceTree = "<group>";
		};
		9ED72D602BB4195A00E00A8D /* Preview Content */ = {
			isa = PBXGroup;
			children = (
				9ED72D612BB4195A00E00A8D /* Preview Assets.xcassets */,
			);
			path = "Preview Content";
			sourceTree = "<group>";
		};
		9EE579362BB56F4B00779448 /* Fonts */ = {
			isa = PBXGroup;
			children = (
				9EE579462BB56F8E00779448 /* Montserrat-Black.ttf */,
				9EE579482BB56F8E00779448 /* Montserrat-BlackItalic.ttf */,
				9EE5793B2BB56F8C00779448 /* Montserrat-Bold.ttf */,
				9EE5793E2BB56F8D00779448 /* Montserrat-BoldItalic.ttf */,
				9EE5793A2BB56F8C00779448 /* Montserrat-ExtraBold.ttf */,
				9EE579382BB56F8C00779448 /* Montserrat-ExtraBoldItalic.ttf */,
				9EE579442BB56F8E00779448 /* Montserrat-ExtraLight.ttf */,
				9EE579472BB56F8E00779448 /* Montserrat-ExtraLightItalic.ttf */,
				9EE579392BB56F8C00779448 /* Montserrat-Italic.ttf */,
				9EE579432BB56F8D00779448 /* Montserrat-Light.ttf */,
				9EE5793D2BB56F8D00779448 /* Montserrat-LightItalic.ttf */,
				9EE579422BB56F8D00779448 /* Montserrat-Medium.ttf */,
				9EE5793F2BB56F8D00779448 /* Montserrat-MediumItalic.ttf */,
				9EE579402BB56F8D00779448 /* Montserrat-Regular.ttf */,
				9EE579452BB56F8E00779448 /* Montserrat-SemiBold.ttf */,
				9EE579412BB56F8D00779448 /* Montserrat-SemiBoldItalic.ttf */,
				9EE579492BB56F8E00779448 /* Montserrat-Thin.ttf */,
				9EE5793C2BB56F8D00779448 /* Montserrat-ThinItalic.ttf */,
			);
			path = Fonts;
			sourceTree = "<group>";
		};
		9EE5794A2BB5702000779448 /* Resources */ = {
			isa = PBXGroup;
			children = (
				9ED72D5D2BB4195A00E00A8D /* Assets.xcassets */,
			);
			path = Resources;
			sourceTree = "<group>";
		};
/* End PBXGroup section */

/* Begin PBXNativeTarget section */
		9ED72D552BB4195800E00A8D /* myCar */ = {
			isa = PBXNativeTarget;
			buildConfigurationList = 9ED72D652BB4195A00E00A8D /* Build configuration list for PBXNativeTarget "myCar" */;
			buildPhases = (
				9ED72D522BB4195800E00A8D /* Sources */,
				9ED72D532BB4195800E00A8D /* Frameworks */,
				9ED72D542BB4195800E00A8D /* Resources */,
			);
			buildRules = (
			);
			dependencies = (
			);
			name = myCar;
			productName = myCar;
			productReference = 9ED72D562BB4195800E00A8D /* myCar.app */;
			productType = "com.apple.product-type.application";
		};
/* End PBXNativeTarget section */

/* Begin PBXProject section */
		9ED72D4E2BB4195800E00A8D /* Project object */ = {
			isa = PBXProject;
			attributes = {
				BuildIndependentTargetsInParallel = 1;
				LastSwiftUpdateCheck = 1520;
				LastUpgradeCheck = 1520;
				TargetAttributes = {
					9ED72D552BB4195800E00A8D = {
						CreatedOnToolsVersion = 15.2;
					};
				};
			};
			buildConfigurationList = 9ED72D512BB4195800E00A8D /* Build configuration list for PBXProject "myCar" */;
			compatibilityVersion = "Xcode 14.0";
			developmentRegion = en;
			hasScannedForEncodings = 0;
			knownRegions = (
				en,
				Base,
			);
			mainGroup = 9ED72D4D2BB4195800E00A8D;
			productRefGroup = 9ED72D572BB4195800E00A8D /* Products */;
			projectDirPath = "";
			projectRoot = "";
			targets = (
				9ED72D552BB4195800E00A8D /* myCar */,
			);
		};
/* End PBXProject section */

/* Begin PBXResourcesBuildPhase section */
		9ED72D542BB4195800E00A8D /* Resources */ = {
			isa = PBXResourcesBuildPhase;
			buildActionMask = 2147483647;
			files = (
				9E3FA9172BB74E5A00A3DAC3 /* Montserrat-SemiBoldItalic.ttf in Resources */,
				9E3FA9152BB74E5200A3DAC3 /* Montserrat-Regular.ttf in Resources */,
				9E3FA9112BB74E4600A3DAC3 /* Montserrat-Light.ttf in Resources */,
				9E3FA90B2BB74E3300A3DAC3 /* Montserrat-BoldItalic.ttf in Resources */,
				9E3FA9122BB74E4900A3DAC3 /* Montserrat-LightItalic.ttf in Resources */,
				9E3FA9182BB74E5D00A3DAC3 /* Montserrat-Thin.ttf in Resources */,
				9E3FA90D2BB74E3A00A3DAC3 /* Montserrat-ExtraBoldItalic.ttf in Resources */,
				9E3FA9102BB74E4300A3DAC3 /* Montserrat-Italic.ttf in Resources */,
				9E3FA90A2BB74E3000A3DAC3 /* Montserrat-Bold.ttf in Resources */,
				9ED72D622BB4195A00E00A8D /* Preview Assets.xcassets in Resources */,
				9E3FA90E2BB74E3C00A3DAC3 /* Montserrat-ExtraLight.ttf in Resources */,
				9E3FA9092BB74E2E00A3DAC3 /* Montserrat-BlackItalic.ttf in Resources */,
				9ED72D5E2BB4195A00E00A8D /* Assets.xcassets in Resources */,
				9E3FA9142BB74E4F00A3DAC3 /* Montserrat-MediumItalic.ttf in Resources */,
				9E3FA9192BB74E6000A3DAC3 /* Montserrat-ThinItalic.ttf in Resources */,
				9E3FA9132BB74E4C00A3DAC3 /* Montserrat-Medium.ttf in Resources */,
				9E3FA9162BB74E5700A3DAC3 /* Montserrat-SemiBold.ttf in Resources */,
				9E3FA90F2BB74E3F00A3DAC3 /* Montserrat-ExtraLightItalic.ttf in Resources */,
				9E3FA90C2BB74E3700A3DAC3 /* Montserrat-ExtraBold.ttf in Resources */,
				9E3FA9082BB74E2A00A3DAC3 /* Montserrat-Black.ttf in Resources */,
			);
			runOnlyForDeploymentPostprocessing = 0;
		};
/* End PBXResourcesBuildPhase section */

/* Begin PBXSourcesBuildPhase section */
		9ED72D522BB4195800E00A8D /* Sources */ = {
			isa = PBXSourcesBuildPhase;
			buildActionMask = 2147483647;
			files = (
				9E3FA9072BB73EA100A3DAC3 /* SuperchargerEnvironments.swift in Sources */,
				9E6240552BB9C4550030281D /* StatisticItemEnvironments.swift in Sources */,
				9E3FA9052BB7383100A3DAC3 /* SuperchargerView.swift in Sources */,
				9ED72D5A2BB4195800E00A8D /* MyCarApp.swift in Sources */,
				9E3FA91D2BB82FFF00A3DAC3 /* StatisticItemView.swift in Sources */,
				9EE579352BB56DD700779448 /* ThemeManager.swift in Sources */,
			);
			runOnlyForDeploymentPostprocessing = 0;
		};
/* End PBXSourcesBuildPhase section */

/* Begin XCBuildConfiguration section */
		9ED72D632BB4195A00E00A8D /* Debug */ = {
			isa = XCBuildConfiguration;
			buildSettings = {
				ALWAYS_SEARCH_USER_PATHS = NO;
				ASSETCATALOG_COMPILER_GENERATE_SWIFT_ASSET_SYMBOL_EXTENSIONS = YES;
				CLANG_ANALYZER_NONNULL = YES;
				CLANG_ANALYZER_NUMBER_OBJECT_CONVERSION = YES_AGGRESSIVE;
				CLANG_CXX_LANGUAGE_STANDARD = "gnu++20";
				CLANG_ENABLE_MODULES = YES;
				CLANG_ENABLE_OBJC_ARC = YES;
				CLANG_ENABLE_OBJC_WEAK = YES;
				CLANG_WARN_BLOCK_CAPTURE_AUTORELEASING = YES;
				CLANG_WARN_BOOL_CONVERSION = YES;
				CLANG_WARN_COMMA = YES;
				CLANG_WARN_CONSTANT_CONVERSION = YES;
				CLANG_WARN_DEPRECATED_OBJC_IMPLEMENTATIONS = YES;
				CLANG_WARN_DIRECT_OBJC_ISA_USAGE = YES_ERROR;
				CLANG_WARN_DOCUMENTATION_COMMENTS = YES;
				CLANG_WARN_EMPTY_BODY = YES;
				CLANG_WARN_ENUM_CONVERSION = YES;
				CLANG_WARN_INFINITE_RECURSION = YES;
				CLANG_WARN_INT_CONVERSION = YES;
				CLANG_WARN_NON_LITERAL_NULL_CONVERSION = YES;
				CLANG_WARN_OBJC_IMPLICIT_RETAIN_SELF = YES;
				CLANG_WARN_OBJC_LITERAL_CONVERSION = YES;
				CLANG_WARN_OBJC_ROOT_CLASS = YES_ERROR;
				CLANG_WARN_QUOTED_INCLUDE_IN_FRAMEWORK_HEADER = YES;
				CLANG_WARN_RANGE_LOOP_ANALYSIS = YES;
				CLANG_WARN_STRICT_PROTOTYPES = YES;
				CLANG_WARN_SUSPICIOUS_MOVE = YES;
				CLANG_WARN_UNGUARDED_AVAILABILITY = YES_AGGRESSIVE;
				CLANG_WARN_UNREACHABLE_CODE = YES;
				CLANG_WARN__DUPLICATE_METHOD_MATCH = YES;
				COPY_PHASE_STRIP = NO;
				DEBUG_INFORMATION_FORMAT = dwarf;
				ENABLE_STRICT_OBJC_MSGSEND = YES;
				ENABLE_TESTABILITY = YES;
				ENABLE_USER_SCRIPT_SANDBOXING = YES;
				GCC_C_LANGUAGE_STANDARD = gnu17;
				GCC_DYNAMIC_NO_PIC = NO;
				GCC_NO_COMMON_BLOCKS = YES;
				GCC_OPTIMIZATION_LEVEL = 0;
				GCC_PREPROCESSOR_DEFINITIONS = (
					"DEBUG=1",
					"$(inherited)",
				);
				GCC_WARN_64_TO_32_BIT_CONVERSION = YES;
				GCC_WARN_ABOUT_RETURN_TYPE = YES_ERROR;
				GCC_WARN_UNDECLARED_SELECTOR = YES;
				GCC_WARN_UNINITIALIZED_AUTOS = YES_AGGRESSIVE;
				GCC_WARN_UNUSED_FUNCTION = YES;
				GCC_WARN_UNUSED_VARIABLE = YES;
				LOCALIZATION_PREFERS_STRING_CATALOGS = YES;
				MTL_ENABLE_DEBUG_INFO = INCLUDE_SOURCE;
				MTL_FAST_MATH = YES;
				ONLY_ACTIVE_ARCH = YES;
				SWIFT_ACTIVE_COMPILATION_CONDITIONS = "DEBUG $(inherited)";
				SWIFT_OPTIMIZATION_LEVEL = "-Onone";
			};
			name = Debug;
		};
		9ED72D642BB4195A00E00A8D /* Release */ = {
			isa = XCBuildConfiguration;
			buildSettings = {
				ALWAYS_SEARCH_USER_PATHS = NO;
				ASSETCATALOG_COMPILER_GENERATE_SWIFT_ASSET_SYMBOL_EXTENSIONS = YES;
				CLANG_ANALYZER_NONNULL = YES;
				CLANG_ANALYZER_NUMBER_OBJECT_CONVERSION = YES_AGGRESSIVE;
				CLANG_CXX_LANGUAGE_STANDARD = "gnu++20";
				CLANG_ENABLE_MODULES = YES;
				CLANG_ENABLE_OBJC_ARC = YES;
				CLANG_ENABLE_OBJC_WEAK = YES;
				CLANG_WARN_BLOCK_CAPTURE_AUTORELEASING = YES;
				CLANG_WARN_BOOL_CONVERSION = YES;
				CLANG_WARN_COMMA = YES;
				CLANG_WARN_CONSTANT_CONVERSION = YES;
				CLANG_WARN_DEPRECATED_OBJC_IMPLEMENTATIONS = YES;
				CLANG_WARN_DIRECT_OBJC_ISA_USAGE = YES_ERROR;
				CLANG_WARN_DOCUMENTATION_COMMENTS = YES;
				CLANG_WARN_EMPTY_BODY = YES;
				CLANG_WARN_ENUM_CONVERSION = YES;
				CLANG_WARN_INFINITE_RECURSION = YES;
				CLANG_WARN_INT_CONVERSION = YES;
				CLANG_WARN_NON_LITERAL_NULL_CONVERSION = YES;
				CLANG_WARN_OBJC_IMPLICIT_RETAIN_SELF = YES;
				CLANG_WARN_OBJC_LITERAL_CONVERSION = YES;
				CLANG_WARN_OBJC_ROOT_CLASS = YES_ERROR;
				CLANG_WARN_QUOTED_INCLUDE_IN_FRAMEWORK_HEADER = YES;
				CLANG_WARN_RANGE_LOOP_ANALYSIS = YES;
				CLANG_WARN_STRICT_PROTOTYPES = YES;
				CLANG_WARN_SUSPICIOUS_MOVE = YES;
				CLANG_WARN_UNGUARDED_AVAILABILITY = YES_AGGRESSIVE;
				CLANG_WARN_UNREACHABLE_CODE = YES;
				CLANG_WARN__DUPLICATE_METHOD_MATCH = YES;
				COPY_PHASE_STRIP = NO;
				DEBUG_INFORMATION_FORMAT = "dwarf-with-dsym";
				ENABLE_NS_ASSERTIONS = NO;
				ENABLE_STRICT_OBJC_MSGSEND = YES;
				ENABLE_USER_SCRIPT_SANDBOXING = YES;
				GCC_C_LANGUAGE_STANDARD = gnu17;
				GCC_NO_COMMON_BLOCKS = YES;
				GCC_WARN_64_TO_32_BIT_CONVERSION = YES;
				GCC_WARN_ABOUT_RETURN_TYPE = YES_ERROR;
				GCC_WARN_UNDECLARED_SELECTOR = YES;
				GCC_WARN_UNINITIALIZED_AUTOS = YES_AGGRESSIVE;
				GCC_WARN_UNUSED_FUNCTION = YES;
				GCC_WARN_UNUSED_VARIABLE = YES;
				LOCALIZATION_PREFERS_STRING_CATALOGS = YES;
				MTL_ENABLE_DEBUG_INFO = NO;
				MTL_FAST_MATH = YES;
				SWIFT_COMPILATION_MODE = wholemodule;
			};
			name = Release;
		};
		9ED72D662BB4195A00E00A8D /* Debug */ = {
			isa = XCBuildConfiguration;
			buildSettings = {
				ASSETCATALOG_COMPILER_APPICON_NAME = AppIcon;
				ASSETCATALOG_COMPILER_GLOBAL_ACCENT_COLOR_NAME = AccentColor;
				CODE_SIGN_ENTITLEMENTS = "myCar/Supporting Files/myCar.entitlements";
				CODE_SIGN_STYLE = Manual;
				CURRENT_PROJECT_VERSION = 1;
				DEVELOPMENT_ASSET_PATHS = "\"myCar/Preview Content\"";
				DEVELOPMENT_TEAM = "";
				ENABLE_HARDENED_RUNTIME = YES;
				ENABLE_PREVIEWS = YES;
				GENERATE_INFOPLIST_FILE = YES;
				INFOPLIST_FILE = "myCar/Supporting Files/Info.plist";
				"INFOPLIST_KEY_UIApplicationSceneManifest_Generation[sdk=iphoneos*]" = YES;
				"INFOPLIST_KEY_UIApplicationSceneManifest_Generation[sdk=iphonesimulator*]" = YES;
				"INFOPLIST_KEY_UIApplicationSupportsIndirectInputEvents[sdk=iphoneos*]" = YES;
				"INFOPLIST_KEY_UIApplicationSupportsIndirectInputEvents[sdk=iphonesimulator*]" = YES;
				"INFOPLIST_KEY_UILaunchScreen_Generation[sdk=iphoneos*]" = YES;
				"INFOPLIST_KEY_UILaunchScreen_Generation[sdk=iphonesimulator*]" = YES;
				"INFOPLIST_KEY_UIStatusBarStyle[sdk=iphoneos*]" = UIStatusBarStyleDefault;
				"INFOPLIST_KEY_UIStatusBarStyle[sdk=iphonesimulator*]" = UIStatusBarStyleDefault;
				INFOPLIST_KEY_UISupportedInterfaceOrientations_iPad = "UIInterfaceOrientationPortrait UIInterfaceOrientationPortraitUpsideDown UIInterfaceOrientationLandscapeLeft UIInterfaceOrientationLandscapeRight";
				INFOPLIST_KEY_UISupportedInterfaceOrientations_iPhone = "UIInterfaceOrientationPortrait UIInterfaceOrientationLandscapeLeft UIInterfaceOrientationLandscapeRight";
				IPHONEOS_DEPLOYMENT_TARGET = 17.2;
				LD_RUNPATH_SEARCH_PATHS = "@executable_path/Frameworks";
				"LD_RUNPATH_SEARCH_PATHS[sdk=macosx*]" = "@executable_path/../Frameworks";
				MACOSX_DEPLOYMENT_TARGET = 14.1;
				MARKETING_VERSION = 1.0;
				PRODUCT_BUNDLE_IDENTIFIER = com.myCar;
				PRODUCT_NAME = "$(TARGET_NAME)";
				PROVISIONING_PROFILE_SPECIFIER = "";
				SDKROOT = auto;
				SUPPORTED_PLATFORMS = "iphoneos iphonesimulator";
				SUPPORTS_MACCATALYST = NO;
				SWIFT_EMIT_LOC_STRINGS = YES;
				SWIFT_VERSION = 5.0;
				TARGETED_DEVICE_FAMILY = "1,2";
			};
			name = Debug;
		};
		9ED72D672BB4195A00E00A8D /* Release */ = {
			isa = XCBuildConfiguration;
			buildSettings = {
				ASSETCATALOG_COMPILER_APPICON_NAME = AppIcon;
				ASSETCATALOG_COMPILER_GLOBAL_ACCENT_COLOR_NAME = AccentColor;
				CODE_SIGN_ENTITLEMENTS = "myCar/Supporting Files/myCar.entitlements";
				CODE_SIGN_STYLE = Manual;
				CURRENT_PROJECT_VERSION = 1;
				DEVELOPMENT_ASSET_PATHS = "\"myCar/Preview Content\"";
				DEVELOPMENT_TEAM = "";
				ENABLE_HARDENED_RUNTIME = YES;
				ENABLE_PREVIEWS = YES;
				GENERATE_INFOPLIST_FILE = YES;
				INFOPLIST_FILE = "myCar/Supporting Files/Info.plist";
				"INFOPLIST_KEY_UIApplicationSceneManifest_Generation[sdk=iphoneos*]" = YES;
				"INFOPLIST_KEY_UIApplicationSceneManifest_Generation[sdk=iphonesimulator*]" = YES;
				"INFOPLIST_KEY_UIApplicationSupportsIndirectInputEvents[sdk=iphoneos*]" = YES;
				"INFOPLIST_KEY_UIApplicationSupportsIndirectInputEvents[sdk=iphonesimulator*]" = YES;
				"INFOPLIST_KEY_UILaunchScreen_Generation[sdk=iphoneos*]" = YES;
				"INFOPLIST_KEY_UILaunchScreen_Generation[sdk=iphonesimulator*]" = YES;
				"INFOPLIST_KEY_UIStatusBarStyle[sdk=iphoneos*]" = UIStatusBarStyleDefault;
				"INFOPLIST_KEY_UIStatusBarStyle[sdk=iphonesimulator*]" = UIStatusBarStyleDefault;
				INFOPLIST_KEY_UISupportedInterfaceOrientations_iPad = "UIInterfaceOrientationPortrait UIInterfaceOrientationPortraitUpsideDown UIInterfaceOrientationLandscapeLeft UIInterfaceOrientationLandscapeRight";
				INFOPLIST_KEY_UISupportedInterfaceOrientations_iPhone = "UIInterfaceOrientationPortrait UIInterfaceOrientationLandscapeLeft UIInterfaceOrientationLandscapeRight";
				IPHONEOS_DEPLOYMENT_TARGET = 17.2;
				LD_RUNPATH_SEARCH_PATHS = "@executable_path/Frameworks";
				"LD_RUNPATH_SEARCH_PATHS[sdk=macosx*]" = "@executable_path/../Frameworks";
				MACOSX_DEPLOYMENT_TARGET = 14.1;
				MARKETING_VERSION = 1.0;
				PRODUCT_BUNDLE_IDENTIFIER = com.myCar;
				PRODUCT_NAME = "$(TARGET_NAME)";
				PROVISIONING_PROFILE_SPECIFIER = "";
				SDKROOT = auto;
				SUPPORTED_PLATFORMS = "iphoneos iphonesimulator";
				SUPPORTS_MACCATALYST = NO;
				SWIFT_EMIT_LOC_STRINGS = YES;
				SWIFT_VERSION = 5.0;
				TARGETED_DEVICE_FAMILY = "1,2";
			};
			name = Release;
		};
/* End XCBuildConfiguration section */

/* Begin XCConfigurationList section */
		9ED72D512BB4195800E00A8D /* Build configuration list for PBXProject "myCar" */ = {
			isa = XCConfigurationList;
			buildConfigurations = (
				9ED72D632BB4195A00E00A8D /* Debug */,
				9ED72D642BB4195A00E00A8D /* Release */,
			);
			defaultConfigurationIsVisible = 0;
			defaultConfigurationName = Release;
		};
		9ED72D652BB4195A00E00A8D /* Build configuration list for PBXNativeTarget "myCar" */ = {
			isa = XCConfigurationList;
			buildConfigurations = (
				9ED72D662BB4195A00E00A8D /* Debug */,
				9ED72D672BB4195A00E00A8D /* Release */,
			);
			defaultConfigurationIsVisible = 0;
			defaultConfigurationName = Release;
		};
/* End XCConfigurationList section */
	};
	rootObject = 9ED72D4E2BB4195800E00A8D /* Project object */;
}
